
Microsoft Visual Studio Solution File, Format Version 12.00
# Visual Studio 15
VisualStudioVersion = 15.0.28307.329
MinimumVisualStudioVersion = 10.0.40219.1
Project("{FAE04EC0-301F-11D3-BF4B-00C04F79EFBC}") = "CDClasses", "CDClasses\CDClasses.csproj", "{3746A398-89DC-4CBC-B58B-18E8CFB74BFE}"
EndProject
Global
	GlobalSection(SolutionConfigurationPlatforms) = preSolution
		Debug|Any CPU = Debug|Any CPU
		Release|Any CPU = Release|Any CPU
	EndGlobalSection
	GlobalSection(ProjectConfigurationPlatforms) = postSolution
		{3746A398-89DC-4CBC-B58B-18E8CFB74BFE}.Debug|Any CPU.ActiveCfg = Debug|Any CPU
		{3746A398-89DC-4CBC-B58B-18E8CFB74BFE}.Debug|Any CPU.Build.0 = Debug|Any CPU
		{3746A398-89DC-4CBC-B58B-18E8CFB74BFE}.Release|Any CPU.ActiveCfg = Release|Any CPU
		{3746A398-89DC-4CBC-B58B-18E8CFB74BFE}.Release|Any CPU.Build.0 = Release|Any CPU
	EndGlobalSection
	GlobalSection(SolutionProperties) = preSolution
		HideSolutionNode = FALSE
	EndGlobalSection
	GlobalSection(ExtensibilityGlobals) = postSolution
		SolutionGuid = {9BECF2EF-20E2-4992-8D30-784A7CDF40CA}
	EndGlobalSection
EndGlobal
